
Microsoft Visual Studio Solution File, Format Version 12.00
# Visual Studio 14
VisualStudioVersion = 14.0.25420.1
MinimumVisualStudioVersion = 10.0.40219.1
Project("{2150E333-8FDC-42A3-9474-1A3956D46DE8}") = "1-Presentation", "1-Presentation", "{4DF3545B-347D-414B-99D9-25855ABB6043}"
EndProject
Project("{2150E333-8FDC-42A3-9474-1A3956D46DE8}") = "2-Application", "2-Application", "{F7E71753-CEBB-4244-9572-258B7F709D79}"
EndProject
Project("{2150E333-8FDC-42A3-9474-1A3956D46DE8}") = "1.0-Core", "1.0-Core", "{1A4456C3-C496-4211-B5DC-D6BC89225128}"
EndProject
Project("{2150E333-8FDC-42A3-9474-1A3956D46DE8}") = "1.1-Services", "1.1-Services", "{40E3233A-03F1-4425-99F9-7B2F1976238F}"
EndProject
Project("{FAE04EC0-301F-11D3-BF4B-00C04F79EFBC}") = "Application.Core", "Application.Core\Application.Core.csproj", "{745C4846-C426-4DF4-9475-3DD6C2382413}"
EndProject
Project("{FAE04EC0-301F-11D3-BF4B-00C04F79EFBC}") = "Application.Services", "Application.Services\Application.Services.csproj", "{4A9AC26C-46A0-4848-8B86-7EAD500CDBBF}"
EndProject
Project("{FAE04EC0-301F-11D3-BF4B-00C04F79EFBC}") = "Calculator.WindowsWPF", "Calculator.WinWPF\Calculator.WindowsWPF.csproj", "{1818B65D-9FA2-491C-8291-61F71FD3F4F2}"
EndProject
Project("{FAE04EC0-301F-11D3-BF4B-00C04F79EFBC}") = "Calculator", "Calculator\Calculator\Calculator.csproj", "{8CBD876D-0777-472D-ADF6-09FB7794A2AA}"
EndProject
Project("{FAE04EC0-301F-11D3-BF4B-00C04F79EFBC}") = "Calculator.Droid", "Calculator\Calculator.Droid\Calculator.Droid.csproj", "{FDA7BA17-2241-4ED2-9F50-6838B3FB9731}"
EndProject
Project("{FAE04EC0-301F-11D3-BF4B-00C04F79EFBC}") = "Calculator.iOS", "Calculator\Calculator.iOS\Calculator.iOS.csproj", "{AC9D178D-FD42-4B55-B580-B83E36B00D14}"
EndProject
Project("{FAE04EC0-301F-11D3-BF4B-00C04F79EFBC}") = "Calculator.UWP", "Calculator\Calculator.UWP\Calculator.UWP.csproj", "{99881835-21B9-4D4F-BE00-6769A94A0442}"
EndProject
Project("{FAE04EC0-301F-11D3-BF4B-00C04F79EFBC}") = "Calculator.Windows", "Calculator\Calculator.Windows\Calculator.Windows.csproj", "{42C45062-9E22-4AEB-AE5C-A0A59DF80483}"
EndProject
Project("{FAE04EC0-301F-11D3-BF4B-00C04F79EFBC}") = "Calculator.WinPhone", "Calculator\Calculator.WinPhone\Calculator.WinPhone.csproj", "{DD73E83F-30A8-445C-B867-3B9A68EA060C}"
EndProject
Project("{D954291E-2A0B-460D-934E-DC6B0785DB48}") = "Calculator.Shared", "Calculator.Shared\Calculator.Shared.shproj", "{032C62CF-4337-41E8-8913-75404704832A}"
EndProject
Global
	GlobalSection(SharedMSBuildProjectFiles) = preSolution
		Calculator.Shared\Calculator.Shared.projitems*{032c62cf-4337-41e8-8913-75404704832a}*SharedItemsImports = 13
		Calculator.Shared\Calculator.Shared.projitems*{1818b65d-9fa2-491c-8291-61f71fd3f4f2}*SharedItemsImports = 4
		Calculator.Shared\Calculator.Shared.projitems*{42c45062-9e22-4aeb-ae5c-a0a59df80483}*SharedItemsImports = 4
		Calculator.Shared\Calculator.Shared.projitems*{99881835-21b9-4d4f-be00-6769a94a0442}*SharedItemsImports = 4
		Calculator.Shared\Calculator.Shared.projitems*{dd73e83f-30a8-445c-b867-3b9a68ea060c}*SharedItemsImports = 4
	EndGlobalSection
	GlobalSection(SolutionConfigurationPlatforms) = preSolution
		Ad-Hoc|Any CPU = Ad-Hoc|Any CPU
		Ad-Hoc|ARM = Ad-Hoc|ARM
		Ad-Hoc|iPhone = Ad-Hoc|iPhone
		Ad-Hoc|iPhoneSimulator = Ad-Hoc|iPhoneSimulator
		Ad-Hoc|x64 = Ad-Hoc|x64
		Ad-Hoc|x86 = Ad-Hoc|x86
		AppStore|Any CPU = AppStore|Any CPU
		AppStore|ARM = AppStore|ARM
		AppStore|iPhone = AppStore|iPhone
		AppStore|iPhoneSimulator = AppStore|iPhoneSimulator
		AppStore|x64 = AppStore|x64
		AppStore|x86 = AppStore|x86
		Debug|Any CPU = Debug|Any CPU
		Debug|ARM = Debug|ARM
		Debug|iPhone = Debug|iPhone
		Debug|iPhoneSimulator = Debug|iPhoneSimulator
		Debug|x64 = Debug|x64
		Debug|x86 = Debug|x86
		Release|Any CPU = Release|Any CPU
		Release|ARM = Release|ARM
		Release|iPhone = Release|iPhone
		Release|iPhoneSimulator = Release|iPhoneSimulator
		Release|x64 = Release|x64
		Release|x86 = Release|x86
	EndGlobalSection
	GlobalSection(ProjectConfigurationPlatforms) = postSolution
		{745C4846-C426-4DF4-9475-3DD6C2382413}.Ad-Hoc|Any CPU.ActiveCfg = Release|Any CPU
		{745C4846-C426-4DF4-9475-3DD6C2382413}.Ad-Hoc|Any CPU.Build.0 = Release|Any CPU
		{745C4846-C426-4DF4-9475-3DD6C2382413}.Ad-Hoc|ARM.ActiveCfg = Release|Any CPU
		{745C4846-C426-4DF4-9475-3DD6C2382413}.Ad-Hoc|ARM.Build.0 = Release|Any CPU
		{745C4846-C426-4DF4-9475-3DD6C2382413}.Ad-Hoc|iPhone.ActiveCfg = Release|Any CPU
		{745C4846-C426-4DF4-9475-3DD6C2382413}.Ad-Hoc|iPhone.Build.0 = Release|Any CPU
		{745C4846-C426-4DF4-9475-3DD6C2382413}.Ad-Hoc|iPhoneSimulator.ActiveCfg = Release|Any CPU
		{745C4846-C426-4DF4-9475-3DD6C2382413}.Ad-Hoc|iPhoneSimulator.Build.0 = Release|Any CPU
		{745C4846-C426-4DF4-9475-3DD6C2382413}.Ad-Hoc|x64.ActiveCfg = Release|Any CPU
		{745C4846-C426-4DF4-9475-3DD6C2382413}.Ad-Hoc|x64.Build.0 = Release|Any CPU
		{745C4846-C426-4DF4-9475-3DD6C2382413}.Ad-Hoc|x86.ActiveCfg = Release|Any CPU
		{745C4846-C426-4DF4-9475-3DD6C2382413}.Ad-Hoc|x86.Build.0 = Release|Any CPU
		{745C4846-C426-4DF4-9475-3DD6C2382413}.AppStore|Any CPU.ActiveCfg = Release|Any CPU
		{745C4846-C426-4DF4-9475-3DD6C2382413}.AppStore|Any CPU.Build.0 = Release|Any CPU
		{745C4846-C426-4DF4-9475-3DD6C2382413}.AppStore|ARM.ActiveCfg = Release|Any CPU
		{745C4846-C426-4DF4-9475-3DD6C2382413}.AppStore|ARM.Build.0 = Release|Any CPU
		{745C4846-C426-4DF4-9475-3DD6C2382413}.AppStore|iPhone.ActiveCfg = Release|Any CPU
		{745C4846-C426-4DF4-9475-3DD6C2382413}.AppStore|iPhone.Build.0 = Release|Any CPU
		{745C4846-C426-4DF4-9475-3DD6C2382413}.AppStore|iPhoneSimulator.ActiveCfg = Release|Any CPU
		{745C4846-C426-4DF4-9475-3DD6C2382413}.AppStore|iPhoneSimulator.Build.0 = Release|Any CPU
		{745C4846-C426-4DF4-9475-3DD6C2382413}.AppStore|x64.ActiveCfg = Release|Any CPU
		{745C4846-C426-4DF4-9475-3DD6C2382413}.AppStore|x64.Build.0 = Release|Any CPU
		{745C4846-C426-4DF4-9475-3DD6C2382413}.AppStore|x86.ActiveCfg = Release|Any CPU
		{745C4846-C426-4DF4-9475-3DD6C2382413}.AppStore|x86.Build.0 = Release|Any CPU
		{745C4846-C426-4DF4-9475-3DD6C2382413}.Debug|Any CPU.ActiveCfg = Debug|Any CPU
		{745C4846-C426-4DF4-9475-3DD6C2382413}.Debug|Any CPU.Build.0 = Debug|Any CPU
		{745C4846-C426-4DF4-9475-3DD6C2382413}.Debug|ARM.ActiveCfg = Debug|Any CPU
		{745C4846-C426-4DF4-9475-3DD6C2382413}.Debug|ARM.Build.0 = Debug|Any CPU
		{745C4846-C426-4DF4-9475-3DD6C2382413}.Debug|iPhone.ActiveCfg = Debug|Any CPU
		{745C4846-C426-4DF4-9475-3DD6C2382413}.Debug|iPhone.Build.0 = Debug|Any CPU
		{745C4846-C426-4DF4-9475-3DD6C2382413}.Debug|iPhoneSimulator.ActiveCfg = Debug|Any CPU
		{745C4846-C426-4DF4-9475-3DD6C2382413}.Debug|iPhoneSimulator.Build.0 = Debug|Any CPU
		{745C4846-C426-4DF4-9475-3DD6C2382413}.Debug|x64.ActiveCfg = Debug|Any CPU
		{745C4846-C426-4DF4-9475-3DD6C2382413}.Debug|x64.Build.0 = Debug|Any CPU
		{745C4846-C426-4DF4-9475-3DD6C2382413}.Debug|x86.ActiveCfg = Debug|Any CPU
		{745C4846-C426-4DF4-9475-3DD6C2382413}.Debug|x86.Build.0 = Debug|Any CPU
		{745C4846-C426-4DF4-9475-3DD6C2382413}.Release|Any CPU.ActiveCfg = Release|Any CPU
		{745C4846-C426-4DF4-9475-3DD6C2382413}.Release|Any CPU.Build.0 = Release|Any CPU
		{745C4846-C426-4DF4-9475-3DD6C2382413}.Release|ARM.ActiveCfg = Release|Any CPU
		{745C4846-C426-4DF4-9475-3DD6C2382413}.Release|ARM.Build.0 = Release|Any CPU
		{745C4846-C426-4DF4-9475-3DD6C2382413}.Release|iPhone.ActiveCfg = Release|Any CPU
		{745C4846-C426-4DF4-9475-3DD6C2382413}.Release|iPhone.Build.0 = Release|Any CPU
		{745C4846-C426-4DF4-9475-3DD6C2382413}.Release|iPhoneSimulator.ActiveCfg = Release|Any CPU
		{745C4846-C426-4DF4-9475-3DD6C2382413}.Release|iPhoneSimulator.Build.0 = Release|Any CPU
		{745C4846-C426-4DF4-9475-3DD6C2382413}.Release|x64.ActiveCfg = Release|Any CPU
		{745C4846-C426-4DF4-9475-3DD6C2382413}.Release|x64.Build.0 = Release|Any CPU
		{745C4846-C426-4DF4-9475-3DD6C2382413}.Release|x86.ActiveCfg = Release|Any CPU
		{745C4846-C426-4DF4-9475-3DD6C2382413}.Release|x86.Build.0 = Release|Any CPU
		{4A9AC26C-46A0-4848-8B86-7EAD500CDBBF}.Ad-Hoc|Any CPU.ActiveCfg = Release|Any CPU
		{4A9AC26C-46A0-4848-8B86-7EAD500CDBBF}.Ad-Hoc|Any CPU.Build.0 = Release|Any CPU
		{4A9AC26C-46A0-4848-8B86-7EAD500CDBBF}.Ad-Hoc|ARM.ActiveCfg = Release|Any CPU
		{4A9AC26C-46A0-4848-8B86-7EAD500CDBBF}.Ad-Hoc|ARM.Build.0 = Release|Any CPU
		{4A9AC26C-46A0-4848-8B86-7EAD500CDBBF}.Ad-Hoc|iPhone.ActiveCfg = Release|Any CPU
		{4A9AC26C-46A0-4848-8B86-7EAD500CDBBF}.Ad-Hoc|iPhone.Build.0 = Release|Any CPU
		{4A9AC26C-46A0-4848-8B86-7EAD500CDBBF}.Ad-Hoc|iPhoneSimulator.ActiveCfg = Release|Any CPU
		{4A9AC26C-46A0-4848-8B86-7EAD500CDBBF}.Ad-Hoc|iPhoneSimulator.Build.0 = Release|Any CPU
		{4A9AC26C-46A0-4848-8B86-7EAD500CDBBF}.Ad-Hoc|x64.ActiveCfg = Release|Any CPU
		{4A9AC26C-46A0-4848-8B86-7EAD500CDBBF}.Ad-Hoc|x64.Build.0 = Release|Any CPU
		{4A9AC26C-46A0-4848-8B86-7EAD500CDBBF}.Ad-Hoc|x86.ActiveCfg = Release|Any CPU
		{4A9AC26C-46A0-4848-8B86-7EAD500CDBBF}.Ad-Hoc|x86.Build.0 = Release|Any CPU
		{4A9AC26C-46A0-4848-8B86-7EAD500CDBBF}.AppStore|Any CPU.ActiveCfg = Release|Any CPU
		{4A9AC26C-46A0-4848-8B86-7EAD500CDBBF}.AppStore|Any CPU.Build.0 = Release|Any CPU
		{4A9AC26C-46A0-4848-8B86-7EAD500CDBBF}.AppStore|ARM.ActiveCfg = Release|Any CPU
		{4A9AC26C-46A0-4848-8B86-7EAD500CDBBF}.AppStore|ARM.Build.0 = Release|Any CPU
		{4A9AC26C-46A0-4848-8B86-7EAD500CDBBF}.AppStore|iPhone.ActiveCfg = Release|Any CPU
		{4A9AC26C-46A0-4848-8B86-7EAD500CDBBF}.AppStore|iPhone.Build.0 = Release|Any CPU
		{4A9AC26C-46A0-4848-8B86-7EAD500CDBBF}.AppStore|iPhoneSimulator.ActiveCfg = Release|Any CPU
		{4A9AC26C-46A0-4848-8B86-7EAD500CDBBF}.AppStore|iPhoneSimulator.Build.0 = Release|Any CPU
		{4A9AC26C-46A0-4848-8B86-7EAD500CDBBF}.AppStore|x64.ActiveCfg = Release|Any CPU
		{4A9AC26C-46A0-4848-8B86-7EAD500CDBBF}.AppStore|x64.Build.0 = Release|Any CPU
		{4A9AC26C-46A0-4848-8B86-7EAD500CDBBF}.AppStore|x86.ActiveCfg = Release|Any CPU
		{4A9AC26C-46A0-4848-8B86-7EAD500CDBBF}.AppStore|x86.Build.0 = Release|Any CPU
		{4A9AC26C-46A0-4848-8B86-7EAD500CDBBF}.Debug|Any CPU.ActiveCfg = Debug|Any CPU
		{4A9AC26C-46A0-4848-8B86-7EAD500CDBBF}.Debug|Any CPU.Build.0 = Debug|Any CPU
		{4A9AC26C-46A0-4848-8B86-7EAD500CDBBF}.Debug|ARM.ActiveCfg = Debug|Any CPU
		{4A9AC26C-46A0-4848-8B86-7EAD500CDBBF}.Debug|ARM.Build.0 = Debug|Any CPU
		{4A9AC26C-46A0-4848-8B86-7EAD500CDBBF}.Debug|iPhone.ActiveCfg = Debug|Any CPU
		{4A9AC26C-46A0-4848-8B86-7EAD500CDBBF}.Debug|iPhone.Build.0 = Debug|Any CPU
		{4A9AC26C-46A0-4848-8B86-7EAD500CDBBF}.Debug|iPhoneSimulator.ActiveCfg = Debug|Any CPU
		{4A9AC26C-46A0-4848-8B86-7EAD500CDBBF}.Debug|iPhoneSimulator.Build.0 = Debug|Any CPU
		{4A9AC26C-46A0-4848-8B86-7EAD500CDBBF}.Debug|x64.ActiveCfg = Debug|Any CPU
		{4A9AC26C-46A0-4848-8B86-7EAD500CDBBF}.Debug|x64.Build.0 = Debug|Any CPU
		{4A9AC26C-46A0-4848-8B86-7EAD500CDBBF}.Debug|x86.ActiveCfg = Debug|Any CPU
		{4A9AC26C-46A0-4848-8B86-7EAD500CDBBF}.Debug|x86.Build.0 = Debug|Any CPU
		{4A9AC26C-46A0-4848-8B86-7EAD500CDBBF}.Release|Any CPU.ActiveCfg = Release|Any CPU
		{4A9AC26C-46A0-4848-8B86-7EAD500CDBBF}.Release|Any CPU.Build.0 = Release|Any CPU
		{4A9AC26C-46A0-4848-8B86-7EAD500CDBBF}.Release|ARM.ActiveCfg = Release|Any CPU
		{4A9AC26C-46A0-4848-8B86-7EAD500CDBBF}.Release|ARM.Build.0 = Release|Any CPU
		{4A9AC26C-46A0-4848-8B86-7EAD500CDBBF}.Release|iPhone.ActiveCfg = Release|Any CPU
		{4A9AC26C-46A0-4848-8B86-7EAD500CDBBF}.Release|iPhone.Build.0 = Release|Any CPU
		{4A9AC26C-46A0-4848-8B86-7EAD500CDBBF}.Release|iPhoneSimulator.ActiveCfg = Release|Any CPU
		{4A9AC26C-46A0-4848-8B86-7EAD500CDBBF}.Release|iPhoneSimulator.Build.0 = Release|Any CPU
		{4A9AC26C-46A0-4848-8B86-7EAD500CDBBF}.Release|x64.ActiveCfg = Release|Any CPU
		{4A9AC26C-46A0-4848-8B86-7EAD500CDBBF}.Release|x64.Build.0 = Release|Any CPU
		{4A9AC26C-46A0-4848-8B86-7EAD500CDBBF}.Release|x86.ActiveCfg = Release|Any CPU
		{4A9AC26C-46A0-4848-8B86-7EAD500CDBBF}.Release|x86.Build.0 = Release|Any CPU
		{1818B65D-9FA2-491C-8291-61F71FD3F4F2}.Ad-Hoc|Any CPU.ActiveCfg = Release|Any CPU
		{1818B65D-9FA2-491C-8291-61F71FD3F4F2}.Ad-Hoc|Any CPU.Build.0 = Release|Any CPU
		{1818B65D-9FA2-491C-8291-61F71FD3F4F2}.Ad-Hoc|ARM.ActiveCfg = Release|Any CPU
		{1818B65D-9FA2-491C-8291-61F71FD3F4F2}.Ad-Hoc|ARM.Build.0 = Release|Any CPU
		{1818B65D-9FA2-491C-8291-61F71FD3F4F2}.Ad-Hoc|iPhone.ActiveCfg = Release|Any CPU
		{1818B65D-9FA2-491C-8291-61F71FD3F4F2}.Ad-Hoc|iPhone.Build.0 = Release|Any CPU
		{1818B65D-9FA2-491C-8291-61F71FD3F4F2}.Ad-Hoc|iPhoneSimulator.ActiveCfg = Release|Any CPU
		{1818B65D-9FA2-491C-8291-61F71FD3F4F2}.Ad-Hoc|iPhoneSimulator.Build.0 = Release|Any CPU
		{1818B65D-9FA2-491C-8291-61F71FD3F4F2}.Ad-Hoc|x64.ActiveCfg = Release|Any CPU
		{1818B65D-9FA2-491C-8291-61F71FD3F4F2}.Ad-Hoc|x64.Build.0 = Release|Any CPU
		{1818B65D-9FA2-491C-8291-61F71FD3F4F2}.Ad-Hoc|x86.ActiveCfg = Release|Any CPU
		{1818B65D-9FA2-491C-8291-61F71FD3F4F2}.Ad-Hoc|x86.Build.0 = Release|Any CPU
		{1818B65D-9FA2-491C-8291-61F71FD3F4F2}.AppStore|Any CPU.ActiveCfg = Release|Any CPU
		{1818B65D-9FA2-491C-8291-61F71FD3F4F2}.AppStore|Any CPU.Build.0 = Release|Any CPU
		{1818B65D-9FA2-491C-8291-61F71FD3F4F2}.AppStore|ARM.ActiveCfg = Release|Any CPU
		{1818B65D-9FA2-491C-8291-61F71FD3F4F2}.AppStore|ARM.Build.0 = Release|Any CPU
		{1818B65D-9FA2-491C-8291-61F71FD3F4F2}.AppStore|iPhone.ActiveCfg = Release|Any CPU
		{1818B65D-9FA2-491C-8291-61F71FD3F4F2}.AppStore|iPhone.Build.0 = Release|Any CPU
		{1818B65D-9FA2-491C-8291-61F71FD3F4F2}.AppStore|iPhoneSimulator.ActiveCfg = Release|Any CPU
		{1818B65D-9FA2-491C-8291-61F71FD3F4F2}.AppStore|iPhoneSimulator.Build.0 = Release|Any CPU
		{1818B65D-9FA2-491C-8291-61F71FD3F4F2}.AppStore|x64.ActiveCfg = Release|Any CPU
		{1818B65D-9FA2-491C-8291-61F71FD3F4F2}.AppStore|x64.Build.0 = Release|Any CPU
		{1818B65D-9FA2-491C-8291-61F71FD3F4F2}.AppStore|x86.ActiveCfg = Release|Any CPU
		{1818B65D-9FA2-491C-8291-61F71FD3F4F2}.AppStore|x86.Build.0 = Release|Any CPU
		{1818B65D-9FA2-491C-8291-61F71FD3F4F2}.Debug|Any CPU.ActiveCfg = Debug|Any CPU
		{1818B65D-9FA2-491C-8291-61F71FD3F4F2}.Debug|Any CPU.Build.0 = Debug|Any CPU
		{1818B65D-9FA2-491C-8291-61F71FD3F4F2}.Debug|ARM.ActiveCfg = Debug|Any CPU
		{1818B65D-9FA2-491C-8291-61F71FD3F4F2}.Debug|ARM.Build.0 = Debug|Any CPU
		{1818B65D-9FA2-491C-8291-61F71FD3F4F2}.Debug|iPhone.ActiveCfg = Debug|Any CPU
		{1818B65D-9FA2-491C-8291-61F71FD3F4F2}.Debug|iPhone.Build.0 = Debug|Any CPU
		{1818B65D-9FA2-491C-8291-61F71FD3F4F2}.Debug|iPhoneSimulator.ActiveCfg = Debug|Any CPU
		{1818B65D-9FA2-491C-8291-61F71FD3F4F2}.Debug|iPhoneSimulator.Build.0 = Debug|Any CPU
		{1818B65D-9FA2-491C-8291-61F71FD3F4F2}.Debug|x64.ActiveCfg = Debug|Any CPU
		{1818B65D-9FA2-491C-8291-61F71FD3F4F2}.Debug|x64.Build.0 = Debug|Any CPU
		{1818B65D-9FA2-491C-8291-61F71FD3F4F2}.Debug|x86.ActiveCfg = Debug|Any CPU
		{1818B65D-9FA2-491C-8291-61F71FD3F4F2}.Debug|x86.Build.0 = Debug|Any CPU
		{1818B65D-9FA2-491C-8291-61F71FD3F4F2}.Release|Any CPU.ActiveCfg = Release|Any CPU
		{1818B65D-9FA2-491C-8291-61F71FD3F4F2}.Release|Any CPU.Build.0 = Release|Any CPU
		{1818B65D-9FA2-491C-8291-61F71FD3F4F2}.Release|ARM.ActiveCfg = Release|Any CPU
		{1818B65D-9FA2-491C-8291-61F71FD3F4F2}.Release|ARM.Build.0 = Release|Any CPU
		{1818B65D-9FA2-491C-8291-61F71FD3F4F2}.Release|iPhone.ActiveCfg = Release|Any CPU
		{1818B65D-9FA2-491C-8291-61F71FD3F4F2}.Release|iPhone.Build.0 = Release|Any CPU
		{1818B65D-9FA2-491C-8291-61F71FD3F4F2}.Release|iPhoneSimulator.ActiveCfg = Release|Any CPU
		{1818B65D-9FA2-491C-8291-61F71FD3F4F2}.Release|iPhoneSimulator.Build.0 = Release|Any CPU
		{1818B65D-9FA2-491C-8291-61F71FD3F4F2}.Release|x64.ActiveCfg = Release|Any CPU
		{1818B65D-9FA2-491C-8291-61F71FD3F4F2}.Release|x64.Build.0 = Release|Any CPU
		{1818B65D-9FA2-491C-8291-61F71FD3F4F2}.Release|x86.ActiveCfg = Release|Any CPU
		{1818B65D-9FA2-491C-8291-61F71FD3F4F2}.Release|x86.Build.0 = Release|Any CPU
		{8CBD876D-0777-472D-ADF6-09FB7794A2AA}.Ad-Hoc|Any CPU.ActiveCfg = Release|Any CPU
		{8CBD876D-0777-472D-ADF6-09FB7794A2AA}.Ad-Hoc|Any CPU.Build.0 = Release|Any CPU
		{8CBD876D-0777-472D-ADF6-09FB7794A2AA}.Ad-Hoc|ARM.ActiveCfg = Release|Any CPU
		{8CBD876D-0777-472D-ADF6-09FB7794A2AA}.Ad-Hoc|ARM.Build.0 = Release|Any CPU
		{8CBD876D-0777-472D-ADF6-09FB7794A2AA}.Ad-Hoc|iPhone.ActiveCfg = Release|Any CPU
		{8CBD876D-0777-472D-ADF6-09FB7794A2AA}.Ad-Hoc|iPhone.Build.0 = Release|Any CPU
		{8CBD876D-0777-472D-ADF6-09FB7794A2AA}.Ad-Hoc|iPhoneSimulator.ActiveCfg = Release|Any CPU
		{8CBD876D-0777-472D-ADF6-09FB7794A2AA}.Ad-Hoc|iPhoneSimulator.Build.0 = Release|Any CPU
		{8CBD876D-0777-472D-ADF6-09FB7794A2AA}.Ad-Hoc|x64.ActiveCfg = Release|Any CPU
		{8CBD876D-0777-472D-ADF6-09FB7794A2AA}.Ad-Hoc|x64.Build.0 = Release|Any CPU
		{8CBD876D-0777-472D-ADF6-09FB7794A2AA}.Ad-Hoc|x86.ActiveCfg = Release|Any CPU
		{8CBD876D-0777-472D-ADF6-09FB7794A2AA}.Ad-Hoc|x86.Build.0 = Release|Any CPU
		{8CBD876D-0777-472D-ADF6-09FB7794A2AA}.AppStore|Any CPU.ActiveCfg = Release|Any CPU
		{8CBD876D-0777-472D-ADF6-09FB7794A2AA}.AppStore|Any CPU.Build.0 = Release|Any CPU
		{8CBD876D-0777-472D-ADF6-09FB7794A2AA}.AppStore|ARM.ActiveCfg = Release|Any CPU
		{8CBD876D-0777-472D-ADF6-09FB7794A2AA}.AppStore|ARM.Build.0 = Release|Any CPU
		{8CBD876D-0777-472D-ADF6-09FB7794A2AA}.AppStore|iPhone.ActiveCfg = Release|Any CPU
		{8CBD876D-0777-472D-ADF6-09FB7794A2AA}.AppStore|iPhone.Build.0 = Release|Any CPU
		{8CBD876D-0777-472D-ADF6-09FB7794A2AA}.AppStore|iPhoneSimulator.ActiveCfg = Release|Any CPU
		{8CBD876D-0777-472D-ADF6-09FB7794A2AA}.AppStore|iPhoneSimulator.Build.0 = Release|Any CPU
		{8CBD876D-0777-472D-ADF6-09FB7794A2AA}.AppStore|x64.ActiveCfg = Release|Any CPU
		{8CBD876D-0777-472D-ADF6-09FB7794A2AA}.AppStore|x64.Build.0 = Release|Any CPU
		{8CBD876D-0777-472D-ADF6-09FB7794A2AA}.AppStore|x86.ActiveCfg = Release|Any CPU
		{8CBD876D-0777-472D-ADF6-09FB7794A2AA}.AppStore|x86.Build.0 = Release|Any CPU
		{8CBD876D-0777-472D-ADF6-09FB7794A2AA}.Debug|Any CPU.ActiveCfg = Debug|Any CPU
		{8CBD876D-0777-472D-ADF6-09FB7794A2AA}.Debug|Any CPU.Build.0 = Debug|Any CPU
		{8CBD876D-0777-472D-ADF6-09FB7794A2AA}.Debug|ARM.ActiveCfg = Debug|Any CPU
		{8CBD876D-0777-472D-ADF6-09FB7794A2AA}.Debug|ARM.Build.0 = Debug|Any CPU
		{8CBD876D-0777-472D-ADF6-09FB7794A2AA}.Debug|iPhone.ActiveCfg = Debug|Any CPU
		{8CBD876D-0777-472D-ADF6-09FB7794A2AA}.Debug|iPhone.Build.0 = Debug|Any CPU
		{8CBD876D-0777-472D-ADF6-09FB7794A2AA}.Debug|iPhoneSimulator.ActiveCfg = Debug|Any CPU
		{8CBD876D-0777-472D-ADF6-09FB7794A2AA}.Debug|iPhoneSimulator.Build.0 = Debug|Any CPU
		{8CBD876D-0777-472D-ADF6-09FB7794A2AA}.Debug|x64.ActiveCfg = Debug|Any CPU
		{8CBD876D-0777-472D-ADF6-09FB7794A2AA}.Debug|x64.Build.0 = Debug|Any CPU
		{8CBD876D-0777-472D-ADF6-09FB7794A2AA}.Debug|x86.ActiveCfg = Debug|Any CPU
		{8CBD876D-0777-472D-ADF6-09FB7794A2AA}.Debug|x86.Build.0 = Debug|Any CPU
		{8CBD876D-0777-472D-ADF6-09FB7794A2AA}.Release|Any CPU.ActiveCfg = Release|Any CPU
		{8CBD876D-0777-472D-ADF6-09FB7794A2AA}.Release|Any CPU.Build.0 = Release|Any CPU
		{8CBD876D-0777-472D-ADF6-09FB7794A2AA}.Release|ARM.ActiveCfg = Release|Any CPU
		{8CBD876D-0777-472D-ADF6-09FB7794A2AA}.Release|ARM.Build.0 = Release|Any CPU
		{8CBD876D-0777-472D-ADF6-09FB7794A2AA}.Release|iPhone.ActiveCfg = Release|Any CPU
		{8CBD876D-0777-472D-ADF6-09FB7794A2AA}.Release|iPhone.Build.0 = Release|Any CPU
		{8CBD876D-0777-472D-ADF6-09FB7794A2AA}.Release|iPhoneSimulator.ActiveCfg = Release|Any CPU
		{8CBD876D-0777-472D-ADF6-09FB7794A2AA}.Release|iPhoneSimulator.Build.0 = Release|Any CPU
		{8CBD876D-0777-472D-ADF6-09FB7794A2AA}.Release|x64.ActiveCfg = Release|Any CPU
		{8CBD876D-0777-472D-ADF6-09FB7794A2AA}.Release|x64.Build.0 = Release|Any CPU
		{8CBD876D-0777-472D-ADF6-09FB7794A2AA}.Release|x86.ActiveCfg = Release|Any CPU
		{8CBD876D-0777-472D-ADF6-09FB7794A2AA}.Release|x86.Build.0 = Release|Any CPU
		{FDA7BA17-2241-4ED2-9F50-6838B3FB9731}.Ad-Hoc|Any CPU.ActiveCfg = Release|Any CPU
		{FDA7BA17-2241-4ED2-9F50-6838B3FB9731}.Ad-Hoc|Any CPU.Build.0 = Release|Any CPU
		{FDA7BA17-2241-4ED2-9F50-6838B3FB9731}.Ad-Hoc|Any CPU.Deploy.0 = Release|Any CPU
		{FDA7BA17-2241-4ED2-9F50-6838B3FB9731}.Ad-Hoc|ARM.ActiveCfg = Release|Any CPU
		{FDA7BA17-2241-4ED2-9F50-6838B3FB9731}.Ad-Hoc|ARM.Build.0 = Release|Any CPU
		{FDA7BA17-2241-4ED2-9F50-6838B3FB9731}.Ad-Hoc|ARM.Deploy.0 = Release|Any CPU
		{FDA7BA17-2241-4ED2-9F50-6838B3FB9731}.Ad-Hoc|iPhone.ActiveCfg = Release|Any CPU
		{FDA7BA17-2241-4ED2-9F50-6838B3FB9731}.Ad-Hoc|iPhone.Build.0 = Release|Any CPU
		{FDA7BA17-2241-4ED2-9F50-6838B3FB9731}.Ad-Hoc|iPhone.Deploy.0 = Release|Any CPU
		{FDA7BA17-2241-4ED2-9F50-6838B3FB9731}.Ad-Hoc|iPhoneSimulator.ActiveCfg = Release|Any CPU
		{FDA7BA17-2241-4ED2-9F50-6838B3FB9731}.Ad-Hoc|iPhoneSimulator.Build.0 = Release|Any CPU
		{FDA7BA17-2241-4ED2-9F50-6838B3FB9731}.Ad-Hoc|iPhoneSimulator.Deploy.0 = Release|Any CPU
		{FDA7BA17-2241-4ED2-9F50-6838B3FB9731}.Ad-Hoc|x64.ActiveCfg = Release|Any CPU
		{FDA7BA17-2241-4ED2-9F50-6838B3FB9731}.Ad-Hoc|x64.Build.0 = Release|Any CPU
		{FDA7BA17-2241-4ED2-9F50-6838B3FB9731}.Ad-Hoc|x64.Deploy.0 = Release|Any CPU
		{FDA7BA17-2241-4ED2-9F50-6838B3FB9731}.Ad-Hoc|x86.ActiveCfg = Release|Any CPU
		{FDA7BA17-2241-4ED2-9F50-6838B3FB9731}.Ad-Hoc|x86.Build.0 = Release|Any CPU
		{FDA7BA17-2241-4ED2-9F50-6838B3FB9731}.Ad-Hoc|x86.Deploy.0 = Release|Any CPU
		{FDA7BA17-2241-4ED2-9F50-6838B3FB9731}.AppStore|Any CPU.ActiveCfg = Release|Any CPU
		{FDA7BA17-2241-4ED2-9F50-6838B3FB9731}.AppStore|Any CPU.Build.0 = Release|Any CPU
		{FDA7BA17-2241-4ED2-9F50-6838B3FB9731}.AppStore|Any CPU.Deploy.0 = Release|Any CPU
		{FDA7BA17-2241-4ED2-9F50-6838B3FB9731}.AppStore|ARM.ActiveCfg = Release|Any CPU
		{FDA7BA17-2241-4ED2-9F50-6838B3FB9731}.AppStore|ARM.Build.0 = Release|Any CPU
		{FDA7BA17-2241-4ED2-9F50-6838B3FB9731}.AppStore|ARM.Deploy.0 = Release|Any CPU
		{FDA7BA17-2241-4ED2-9F50-6838B3FB9731}.AppStore|iPhone.ActiveCfg = Release|Any CPU
		{FDA7BA17-2241-4ED2-9F50-6838B3FB9731}.AppStore|iPhone.Build.0 = Release|Any CPU
		{FDA7BA17-2241-4ED2-9F50-6838B3FB9731}.AppStore|iPhone.Deploy.0 = Release|Any CPU
		{FDA7BA17-2241-4ED2-9F50-6838B3FB9731}.AppStore|iPhoneSimulator.ActiveCfg = Release|Any CPU
		{FDA7BA17-2241-4ED2-9F50-6838B3FB9731}.AppStore|iPhoneSimulator.Build.0 = Release|Any CPU
		{FDA7BA17-2241-4ED2-9F50-6838B3FB9731}.AppStore|iPhoneSimulator.Deploy.0 = Release|Any CPU
		{FDA7BA17-2241-4ED2-9F50-6838B3FB9731}.AppStore|x64.ActiveCfg = Release|Any CPU
		{FDA7BA17-2241-4ED2-9F50-6838B3FB9731}.AppStore|x64.Build.0 = Release|Any CPU
		{FDA7BA17-2241-4ED2-9F50-6838B3FB9731}.AppStore|x64.Deploy.0 = Release|Any CPU
		{FDA7BA17-2241-4ED2-9F50-6838B3FB9731}.AppStore|x86.ActiveCfg = Release|Any CPU
		{FDA7BA17-2241-4ED2-9F50-6838B3FB9731}.AppStore|x86.Build.0 = Release|Any CPU
		{FDA7BA17-2241-4ED2-9F50-6838B3FB9731}.AppStore|x86.Deploy.0 = Release|Any CPU
		{FDA7BA17-2241-4ED2-9F50-6838B3FB9731}.Debug|Any CPU.ActiveCfg = Debug|Any CPU
		{FDA7BA17-2241-4ED2-9F50-6838B3FB9731}.Debug|Any CPU.Build.0 = Debug|Any CPU
		{FDA7BA17-2241-4ED2-9F50-6838B3FB9731}.Debug|Any CPU.Deploy.0 = Debug|Any CPU
		{FDA7BA17-2241-4ED2-9F50-6838B3FB9731}.Debug|ARM.ActiveCfg = Debug|Any CPU
		{FDA7BA17-2241-4ED2-9F50-6838B3FB9731}.Debug|ARM.Build.0 = Debug|Any CPU
		{FDA7BA17-2241-4ED2-9F50-6838B3FB9731}.Debug|ARM.Deploy.0 = Debug|Any CPU
		{FDA7BA17-2241-4ED2-9F50-6838B3FB9731}.Debug|iPhone.ActiveCfg = Debug|Any CPU
		{FDA7BA17-2241-4ED2-9F50-6838B3FB9731}.Debug|iPhone.Build.0 = Debug|Any CPU
		{FDA7BA17-2241-4ED2-9F50-6838B3FB9731}.Debug|iPhone.Deploy.0 = Debug|Any CPU
		{FDA7BA17-2241-4ED2-9F50-6838B3FB9731}.Debug|iPhoneSimulator.ActiveCfg = Debug|Any CPU
		{FDA7BA17-2241-4ED2-9F50-6838B3FB9731}.Debug|iPhoneSimulator.Build.0 = Debug|Any CPU
		{FDA7BA17-2241-4ED2-9F50-6838B3FB9731}.Debug|iPhoneSimulator.Deploy.0 = Debug|Any CPU
		{FDA7BA17-2241-4ED2-9F50-6838B3FB9731}.Debug|x64.ActiveCfg = Debug|Any CPU
		{FDA7BA17-2241-4ED2-9F50-6838B3FB9731}.Debug|x64.Build.0 = Debug|Any CPU
		{FDA7BA17-2241-4ED2-9F50-6838B3FB9731}.Debug|x64.Deploy.0 = Debug|Any CPU
		{FDA7BA17-2241-4ED2-9F50-6838B3FB9731}.Debug|x86.ActiveCfg = Debug|Any CPU
		{FDA7BA17-2241-4ED2-9F50-6838B3FB9731}.Debug|x86.Build.0 = Debug|Any CPU
		{FDA7BA17-2241-4ED2-9F50-6838B3FB9731}.Debug|x86.Deploy.0 = Debug|Any CPU
		{FDA7BA17-2241-4ED2-9F50-6838B3FB9731}.Release|Any CPU.ActiveCfg = Release|Any CPU
		{FDA7BA17-2241-4ED2-9F50-6838B3FB9731}.Release|Any CPU.Build.0 = Release|Any CPU
		{FDA7BA17-2241-4ED2-9F50-6838B3FB9731}.Release|Any CPU.Deploy.0 = Release|Any CPU
		{FDA7BA17-2241-4ED2-9F50-6838B3FB9731}.Release|ARM.ActiveCfg = Release|Any CPU
		{FDA7BA17-2241-4ED2-9F50-6838B3FB9731}.Release|ARM.Build.0 = Release|Any CPU
		{FDA7BA17-2241-4ED2-9F50-6838B3FB9731}.Release|ARM.Deploy.0 = Release|Any CPU
		{FDA7BA17-2241-4ED2-9F50-6838B3FB9731}.Release|iPhone.ActiveCfg = Release|Any CPU
		{FDA7BA17-2241-4ED2-9F50-6838B3FB9731}.Release|iPhone.Build.0 = Release|Any CPU
		{FDA7BA17-2241-4ED2-9F50-6838B3FB9731}.Release|iPhone.Deploy.0 = Release|Any CPU
		{FDA7BA17-2241-4ED2-9F50-6838B3FB9731}.Release|iPhoneSimulator.ActiveCfg = Release|Any CPU
		{FDA7BA17-2241-4ED2-9F50-6838B3FB9731}.Release|iPhoneSimulator.Build.0 = Release|Any CPU
		{FDA7BA17-2241-4ED2-9F50-6838B3FB9731}.Release|iPhoneSimulator.Deploy.0 = Release|Any CPU
		{FDA7BA17-2241-4ED2-9F50-6838B3FB9731}.Release|x64.ActiveCfg = Release|Any CPU
		{FDA7BA17-2241-4ED2-9F50-6838B3FB9731}.Release|x64.Build.0 = Release|Any CPU
		{FDA7BA17-2241-4ED2-9F50-6838B3FB9731}.Release|x64.Deploy.0 = Release|Any CPU
		{FDA7BA17-2241-4ED2-9F50-6838B3FB9731}.Release|x86.ActiveCfg = Release|Any CPU
		{FDA7BA17-2241-4ED2-9F50-6838B3FB9731}.Release|x86.Build.0 = Release|Any CPU
		{FDA7BA17-2241-4ED2-9F50-6838B3FB9731}.Release|x86.Deploy.0 = Release|Any CPU
		{AC9D178D-FD42-4B55-B580-B83E36B00D14}.Ad-Hoc|Any CPU.ActiveCfg = Ad-Hoc|iPhone
		{AC9D178D-FD42-4B55-B580-B83E36B00D14}.Ad-Hoc|ARM.ActiveCfg = Ad-Hoc|iPhone
		{AC9D178D-FD42-4B55-B580-B83E36B00D14}.Ad-Hoc|iPhone.ActiveCfg = Ad-Hoc|iPhone
		{AC9D178D-FD42-4B55-B580-B83E36B00D14}.Ad-Hoc|iPhone.Build.0 = Ad-Hoc|iPhone
		{AC9D178D-FD42-4B55-B580-B83E36B00D14}.Ad-Hoc|iPhoneSimulator.ActiveCfg = Ad-Hoc|iPhoneSimulator
		{AC9D178D-FD42-4B55-B580-B83E36B00D14}.Ad-Hoc|iPhoneSimulator.Build.0 = Ad-Hoc|iPhoneSimulator
		{AC9D178D-FD42-4B55-B580-B83E36B00D14}.Ad-Hoc|x64.ActiveCfg = Ad-Hoc|iPhone
		{AC9D178D-FD42-4B55-B580-B83E36B00D14}.Ad-Hoc|x86.ActiveCfg = Ad-Hoc|iPhone
		{AC9D178D-FD42-4B55-B580-B83E36B00D14}.AppStore|Any CPU.ActiveCfg = AppStore|iPhone
		{AC9D178D-FD42-4B55-B580-B83E36B00D14}.AppStore|ARM.ActiveCfg = AppStore|iPhone
		{AC9D178D-FD42-4B55-B580-B83E36B00D14}.AppStore|iPhone.ActiveCfg = AppStore|iPhone
		{AC9D178D-FD42-4B55-B580-B83E36B00D14}.AppStore|iPhone.Build.0 = AppStore|iPhone
		{AC9D178D-FD42-4B55-B580-B83E36B00D14}.AppStore|iPhoneSimulator.ActiveCfg = AppStore|iPhoneSimulator
		{AC9D178D-FD42-4B55-B580-B83E36B00D14}.AppStore|iPhoneSimulator.Build.0 = AppStore|iPhoneSimulator
		{AC9D178D-FD42-4B55-B580-B83E36B00D14}.AppStore|x64.ActiveCfg = AppStore|iPhone
		{AC9D178D-FD42-4B55-B580-B83E36B00D14}.AppStore|x86.ActiveCfg = AppStore|iPhone
		{AC9D178D-FD42-4B55-B580-B83E36B00D14}.Debug|Any CPU.ActiveCfg = Debug|iPhone
		{AC9D178D-FD42-4B55-B580-B83E36B00D14}.Debug|ARM.ActiveCfg = Debug|iPhone
		{AC9D178D-FD42-4B55-B580-B83E36B00D14}.Debug|iPhone.ActiveCfg = Debug|iPhone
		{AC9D178D-FD42-4B55-B580-B83E36B00D14}.Debug|iPhone.Build.0 = Debug|iPhone
		{AC9D178D-FD42-4B55-B580-B83E36B00D14}.Debug|iPhoneSimulator.ActiveCfg = Debug|iPhoneSimulator
		{AC9D178D-FD42-4B55-B580-B83E36B00D14}.Debug|iPhoneSimulator.Build.0 = Debug|iPhoneSimulator
		{AC9D178D-FD42-4B55-B580-B83E36B00D14}.Debug|x64.ActiveCfg = Debug|iPhone
		{AC9D178D-FD42-4B55-B580-B83E36B00D14}.Debug|x86.ActiveCfg = Debug|iPhone
		{AC9D178D-FD42-4B55-B580-B83E36B00D14}.Release|Any CPU.ActiveCfg = Release|iPhone
		{AC9D178D-FD42-4B55-B580-B83E36B00D14}.Release|ARM.ActiveCfg = Release|iPhone
		{AC9D178D-FD42-4B55-B580-B83E36B00D14}.Release|iPhone.ActiveCfg = Release|iPhone
		{AC9D178D-FD42-4B55-B580-B83E36B00D14}.Release|iPhone.Build.0 = Release|iPhone
		{AC9D178D-FD42-4B55-B580-B83E36B00D14}.Release|iPhoneSimulator.ActiveCfg = Release|iPhoneSimulator
		{AC9D178D-FD42-4B55-B580-B83E36B00D14}.Release|iPhoneSimulator.Build.0 = Release|iPhoneSimulator
		{AC9D178D-FD42-4B55-B580-B83E36B00D14}.Release|x64.ActiveCfg = Release|iPhone
		{AC9D178D-FD42-4B55-B580-B83E36B00D14}.Release|x86.ActiveCfg = Release|iPhone
		{99881835-21B9-4D4F-BE00-6769A94A0442}.Ad-Hoc|Any CPU.ActiveCfg = Release|x86
		{99881835-21B9-4D4F-BE00-6769A94A0442}.Ad-Hoc|Any CPU.Build.0 = Release|x86
		{99881835-21B9-4D4F-BE00-6769A94A0442}.Ad-Hoc|Any CPU.Deploy.0 = Release|x86
		{99881835-21B9-4D4F-BE00-6769A94A0442}.Ad-Hoc|ARM.ActiveCfg = Release|ARM
		{99881835-21B9-4D4F-BE00-6769A94A0442}.Ad-Hoc|ARM.Build.0 = Release|ARM
		{99881835-21B9-4D4F-BE00-6769A94A0442}.Ad-Hoc|ARM.Deploy.0 = Release|ARM
		{99881835-21B9-4D4F-BE00-6769A94A0442}.Ad-Hoc|iPhone.ActiveCfg = Release|x86
		{99881835-21B9-4D4F-BE00-6769A94A0442}.Ad-Hoc|iPhone.Build.0 = Release|x86
		{99881835-21B9-4D4F-BE00-6769A94A0442}.Ad-Hoc|iPhone.Deploy.0 = Release|x86
		{99881835-21B9-4D4F-BE00-6769A94A0442}.Ad-Hoc|iPhoneSimulator.ActiveCfg = Release|x86
		{99881835-21B9-4D4F-BE00-6769A94A0442}.Ad-Hoc|iPhoneSimulator.Build.0 = Release|x86
		{99881835-21B9-4D4F-BE00-6769A94A0442}.Ad-Hoc|iPhoneSimulator.Deploy.0 = Release|x86
		{99881835-21B9-4D4F-BE00-6769A94A0442}.Ad-Hoc|x64.ActiveCfg = Release|x64
		{99881835-21B9-4D4F-BE00-6769A94A0442}.Ad-Hoc|x64.Build.0 = Release|x64
		{99881835-21B9-4D4F-BE00-6769A94A0442}.Ad-Hoc|x64.Deploy.0 = Release|x64
		{99881835-21B9-4D4F-BE00-6769A94A0442}.Ad-Hoc|x86.ActiveCfg = Release|x86
		{99881835-21B9-4D4F-BE00-6769A94A0442}.Ad-Hoc|x86.Build.0 = Release|x86
		{99881835-21B9-4D4F-BE00-6769A94A0442}.Ad-Hoc|x86.Deploy.0 = Release|x86
		{99881835-21B9-4D4F-BE00-6769A94A0442}.AppStore|Any CPU.ActiveCfg = Release|x86
		{99881835-21B9-4D4F-BE00-6769A94A0442}.AppStore|Any CPU.Build.0 = Release|x86
		{99881835-21B9-4D4F-BE00-6769A94A0442}.AppStore|Any CPU.Deploy.0 = Release|x86
		{99881835-21B9-4D4F-BE00-6769A94A0442}.AppStore|ARM.ActiveCfg = Release|ARM
		{99881835-21B9-4D4F-BE00-6769A94A0442}.AppStore|ARM.Build.0 = Release|ARM
		{99881835-21B9-4D4F-BE00-6769A94A0442}.AppStore|ARM.Deploy.0 = Release|ARM
		{99881835-21B9-4D4F-BE00-6769A94A0442}.AppStore|iPhone.ActiveCfg = Release|x86
		{99881835-21B9-4D4F-BE00-6769A94A0442}.AppStore|iPhone.Build.0 = Release|x86
		{99881835-21B9-4D4F-BE00-6769A94A0442}.AppStore|iPhone.Deploy.0 = Release|x86
		{99881835-21B9-4D4F-BE00-6769A94A0442}.AppStore|iPhoneSimulator.ActiveCfg = Release|x86
		{99881835-21B9-4D4F-BE00-6769A94A0442}.AppStore|iPhoneSimulator.Build.0 = Release|x86
		{99881835-21B9-4D4F-BE00-6769A94A0442}.AppStore|iPhoneSimulator.Deploy.0 = Release|x86
		{99881835-21B9-4D4F-BE00-6769A94A0442}.AppStore|x64.ActiveCfg = Release|x64
		{99881835-21B9-4D4F-BE00-6769A94A0442}.AppStore|x64.Build.0 = Release|x64
		{99881835-21B9-4D4F-BE00-6769A94A0442}.AppStore|x64.Deploy.0 = Release|x64
		{99881835-21B9-4D4F-BE00-6769A94A0442}.AppStore|x86.ActiveCfg = Release|x86
		{99881835-21B9-4D4F-BE00-6769A94A0442}.AppStore|x86.Build.0 = Release|x86
		{99881835-21B9-4D4F-BE00-6769A94A0442}.AppStore|x86.Deploy.0 = Release|x86
		{99881835-21B9-4D4F-BE00-6769A94A0442}.Debug|Any CPU.ActiveCfg = Debug|x86
		{99881835-21B9-4D4F-BE00-6769A94A0442}.Debug|Any CPU.Deploy.0 = Debug|x86
		{99881835-21B9-4D4F-BE00-6769A94A0442}.Debug|ARM.ActiveCfg = Debug|ARM
		{99881835-21B9-4D4F-BE00-6769A94A0442}.Debug|ARM.Build.0 = Debug|ARM
		{99881835-21B9-4D4F-BE00-6769A94A0442}.Debug|ARM.Deploy.0 = Debug|ARM
		{99881835-21B9-4D4F-BE00-6769A94A0442}.Debug|iPhone.ActiveCfg = Debug|x86
		{99881835-21B9-4D4F-BE00-6769A94A0442}.Debug|iPhoneSimulator.ActiveCfg = Debug|x86
		{99881835-21B9-4D4F-BE00-6769A94A0442}.Debug|x64.ActiveCfg = Debug|x64
		{99881835-21B9-4D4F-BE00-6769A94A0442}.Debug|x64.Build.0 = Debug|x64
		{99881835-21B9-4D4F-BE00-6769A94A0442}.Debug|x64.Deploy.0 = Debug|x64
		{99881835-21B9-4D4F-BE00-6769A94A0442}.Debug|x86.ActiveCfg = Debug|x86
		{99881835-21B9-4D4F-BE00-6769A94A0442}.Debug|x86.Build.0 = Debug|x86
		{99881835-21B9-4D4F-BE00-6769A94A0442}.Debug|x86.Deploy.0 = Debug|x86
		{99881835-21B9-4D4F-BE00-6769A94A0442}.Release|Any CPU.ActiveCfg = Release|x86
		{99881835-21B9-4D4F-BE00-6769A94A0442}.Release|ARM.ActiveCfg = Release|ARM
		{99881835-21B9-4D4F-BE00-6769A94A0442}.Release|ARM.Build.0 = Release|ARM
		{99881835-21B9-4D4F-BE00-6769A94A0442}.Release|ARM.Deploy.0 = Release|ARM
		{99881835-21B9-4D4F-BE00-6769A94A0442}.Release|iPhone.ActiveCfg = Release|x86
		{99881835-21B9-4D4F-BE00-6769A94A0442}.Release|iPhoneSimulator.ActiveCfg = Release|x86
		{99881835-21B9-4D4F-BE00-6769A94A0442}.Release|x64.ActiveCfg = Release|x64
		{99881835-21B9-4D4F-BE00-6769A94A0442}.Release|x64.Build.0 = Release|x64
		{99881835-21B9-4D4F-BE00-6769A94A0442}.Release|x64.Deploy.0 = Release|x64
		{99881835-21B9-4D4F-BE00-6769A94A0442}.Release|x86.ActiveCfg = Release|x86
		{99881835-21B9-4D4F-BE00-6769A94A0442}.Release|x86.Build.0 = Release|x86
		{99881835-21B9-4D4F-BE00-6769A94A0442}.Release|x86.Deploy.0 = Release|x86
		{42C45062-9E22-4AEB-AE5C-A0A59DF80483}.Ad-Hoc|Any CPU.ActiveCfg = Release|Any CPU
		{42C45062-9E22-4AEB-AE5C-A0A59DF80483}.Ad-Hoc|Any CPU.Build.0 = Release|Any CPU
		{42C45062-9E22-4AEB-AE5C-A0A59DF80483}.Ad-Hoc|Any CPU.Deploy.0 = Release|Any CPU
		{42C45062-9E22-4AEB-AE5C-A0A59DF80483}.Ad-Hoc|ARM.ActiveCfg = Release|ARM
		{42C45062-9E22-4AEB-AE5C-A0A59DF80483}.Ad-Hoc|ARM.Build.0 = Release|ARM
		{42C45062-9E22-4AEB-AE5C-A0A59DF80483}.Ad-Hoc|ARM.Deploy.0 = Release|ARM
		{42C45062-9E22-4AEB-AE5C-A0A59DF80483}.Ad-Hoc|iPhone.ActiveCfg = Release|Any CPU
		{42C45062-9E22-4AEB-AE5C-A0A59DF80483}.Ad-Hoc|iPhone.Build.0 = Release|Any CPU
		{42C45062-9E22-4AEB-AE5C-A0A59DF80483}.Ad-Hoc|iPhone.Deploy.0 = Release|Any CPU
		{42C45062-9E22-4AEB-AE5C-A0A59DF80483}.Ad-Hoc|iPhoneSimulator.ActiveCfg = Release|Any CPU
		{42C45062-9E22-4AEB-AE5C-A0A59DF80483}.Ad-Hoc|iPhoneSimulator.Build.0 = Release|Any CPU
		{42C45062-9E22-4AEB-AE5C-A0A59DF80483}.Ad-Hoc|iPhoneSimulator.Deploy.0 = Release|Any CPU
		{42C45062-9E22-4AEB-AE5C-A0A59DF80483}.Ad-Hoc|x64.ActiveCfg = Release|x64
		{42C45062-9E22-4AEB-AE5C-A0A59DF80483}.Ad-Hoc|x64.Build.0 = Release|x64
		{42C45062-9E22-4AEB-AE5C-A0A59DF80483}.Ad-Hoc|x64.Deploy.0 = Release|x64
		{42C45062-9E22-4AEB-AE5C-A0A59DF80483}.Ad-Hoc|x86.ActiveCfg = Release|x86
		{42C45062-9E22-4AEB-AE5C-A0A59DF80483}.Ad-Hoc|x86.Build.0 = Release|x86
		{42C45062-9E22-4AEB-AE5C-A0A59DF80483}.Ad-Hoc|x86.Deploy.0 = Release|x86
		{42C45062-9E22-4AEB-AE5C-A0A59DF80483}.AppStore|Any CPU.ActiveCfg = Release|Any CPU
		{42C45062-9E22-4AEB-AE5C-A0A59DF80483}.AppStore|Any CPU.Build.0 = Release|Any CPU
		{42C45062-9E22-4AEB-AE5C-A0A59DF80483}.AppStore|Any CPU.Deploy.0 = Release|Any CPU
		{42C45062-9E22-4AEB-AE5C-A0A59DF80483}.AppStore|ARM.ActiveCfg = Release|ARM
		{42C45062-9E22-4AEB-AE5C-A0A59DF80483}.AppStore|ARM.Build.0 = Release|ARM
		{42C45062-9E22-4AEB-AE5C-A0A59DF80483}.AppStore|ARM.Deploy.0 = Release|ARM
		{42C45062-9E22-4AEB-AE5C-A0A59DF80483}.AppStore|iPhone.ActiveCfg = Release|Any CPU
		{42C45062-9E22-4AEB-AE5C-A0A59DF80483}.AppStore|iPhone.Build.0 = Release|Any CPU
		{42C45062-9E22-4AEB-AE5C-A0A59DF80483}.AppStore|iPhone.Deploy.0 = Release|Any CPU
		{42C45062-9E22-4AEB-AE5C-A0A59DF80483}.AppStore|iPhoneSimulator.ActiveCfg = Release|Any CPU
		{42C45062-9E22-4AEB-AE5C-A0A59DF80483}.AppStore|iPhoneSimulator.Build.0 = Release|Any CPU
		{42C45062-9E22-4AEB-AE5C-A0A59DF80483}.AppStore|iPhoneSimulator.Deploy.0 = Release|Any CPU
		{42C45062-9E22-4AEB-AE5C-A0A59DF80483}.AppStore|x64.ActiveCfg = Release|x64
		{42C45062-9E22-4AEB-AE5C-A0A59DF80483}.AppStore|x64.Build.0 = Release|x64
		{42C45062-9E22-4AEB-AE5C-A0A59DF80483}.AppStore|x64.Deploy.0 = Release|x64
		{42C45062-9E22-4AEB-AE5C-A0A59DF80483}.AppStore|x86.ActiveCfg = Release|x86
		{42C45062-9E22-4AEB-AE5C-A0A59DF80483}.AppStore|x86.Build.0 = Release|x86
		{42C45062-9E22-4AEB-AE5C-A0A59DF80483}.AppStore|x86.Deploy.0 = Release|x86
		{42C45062-9E22-4AEB-AE5C-A0A59DF80483}.Debug|Any CPU.ActiveCfg = Debug|Any CPU
		{42C45062-9E22-4AEB-AE5C-A0A59DF80483}.Debug|Any CPU.Build.0 = Debug|Any CPU
		{42C45062-9E22-4AEB-AE5C-A0A59DF80483}.Debug|Any CPU.Deploy.0 = Debug|Any CPU
		{42C45062-9E22-4AEB-AE5C-A0A59DF80483}.Debug|ARM.ActiveCfg = Debug|ARM
		{42C45062-9E22-4AEB-AE5C-A0A59DF80483}.Debug|ARM.Build.0 = Debug|ARM
		{42C45062-9E22-4AEB-AE5C-A0A59DF80483}.Debug|ARM.Deploy.0 = Debug|ARM
		{42C45062-9E22-4AEB-AE5C-A0A59DF80483}.Debug|iPhone.ActiveCfg = Debug|Any CPU
		{42C45062-9E22-4AEB-AE5C-A0A59DF80483}.Debug|iPhone.Build.0 = Debug|Any CPU
		{42C45062-9E22-4AEB-AE5C-A0A59DF80483}.Debug|iPhone.Deploy.0 = Debug|Any CPU
		{42C45062-9E22-4AEB-AE5C-A0A59DF80483}.Debug|iPhoneSimulator.ActiveCfg = Debug|Any CPU
		{42C45062-9E22-4AEB-AE5C-A0A59DF80483}.Debug|iPhoneSimulator.Build.0 = Debug|Any CPU
		{42C45062-9E22-4AEB-AE5C-A0A59DF80483}.Debug|iPhoneSimulator.Deploy.0 = Debug|Any CPU
		{42C45062-9E22-4AEB-AE5C-A0A59DF80483}.Debug|x64.ActiveCfg = Debug|x64
		{42C45062-9E22-4AEB-AE5C-A0A59DF80483}.Debug|x64.Build.0 = Debug|x64
		{42C45062-9E22-4AEB-AE5C-A0A59DF80483}.Debug|x64.Deploy.0 = Debug|x64
		{42C45062-9E22-4AEB-AE5C-A0A59DF80483}.Debug|x86.ActiveCfg = Debug|x86
		{42C45062-9E22-4AEB-AE5C-A0A59DF80483}.Debug|x86.Build.0 = Debug|x86
		{42C45062-9E22-4AEB-AE5C-A0A59DF80483}.Debug|x86.Deploy.0 = Debug|x86
		{42C45062-9E22-4AEB-AE5C-A0A59DF80483}.Release|Any CPU.ActiveCfg = Release|Any CPU
		{42C45062-9E22-4AEB-AE5C-A0A59DF80483}.Release|Any CPU.Build.0 = Release|Any CPU
		{42C45062-9E22-4AEB-AE5C-A0A59DF80483}.Release|Any CPU.Deploy.0 = Release|Any CPU
		{42C45062-9E22-4AEB-AE5C-A0A59DF80483}.Release|ARM.ActiveCfg = Release|ARM
		{42C45062-9E22-4AEB-AE5C-A0A59DF80483}.Release|ARM.Build.0 = Release|ARM
		{42C45062-9E22-4AEB-AE5C-A0A59DF80483}.Release|ARM.Deploy.0 = Release|ARM
		{42C45062-9E22-4AEB-AE5C-A0A59DF80483}.Release|iPhone.ActiveCfg = Release|Any CPU
		{42C45062-9E22-4AEB-AE5C-A0A59DF80483}.Release|iPhone.Build.0 = Release|Any CPU
		{42C45062-9E22-4AEB-AE5C-A0A59DF80483}.Release|iPhone.Deploy.0 = Release|Any CPU
		{42C45062-9E22-4AEB-AE5C-A0A59DF80483}.Release|iPhoneSimulator.ActiveCfg = Release|Any CPU
		{42C45062-9E22-4AEB-AE5C-A0A59DF80483}.Release|iPhoneSimulator.Build.0 = Release|Any CPU
		{42C45062-9E22-4AEB-AE5C-A0A59DF80483}.Release|iPhoneSimulator.Deploy.0 = Release|Any CPU
		{42C45062-9E22-4AEB-AE5C-A0A59DF80483}.Release|x64.ActiveCfg = Release|x64
		{42C45062-9E22-4AEB-AE5C-A0A59DF80483}.Release|x64.Build.0 = Release|x64
		{42C45062-9E22-4AEB-AE5C-A0A59DF80483}.Release|x64.Deploy.0 = Release|x64
		{42C45062-9E22-4AEB-AE5C-A0A59DF80483}.Release|x86.ActiveCfg = Release|x86
		{42C45062-9E22-4AEB-AE5C-A0A59DF80483}.Release|x86.Build.0 = Release|x86
		{42C45062-9E22-4AEB-AE5C-A0A59DF80483}.Release|x86.Deploy.0 = Release|x86
		{DD73E83F-30A8-445C-B867-3B9A68EA060C}.Ad-Hoc|Any CPU.ActiveCfg = Release|Any CPU
		{DD73E83F-30A8-445C-B867-3B9A68EA060C}.Ad-Hoc|Any CPU.Build.0 = Release|Any CPU
		{DD73E83F-30A8-445C-B867-3B9A68EA060C}.Ad-Hoc|Any CPU.Deploy.0 = Release|Any CPU
		{DD73E83F-30A8-445C-B867-3B9A68EA060C}.Ad-Hoc|ARM.ActiveCfg = Release|ARM
		{DD73E83F-30A8-445C-B867-3B9A68EA060C}.Ad-Hoc|ARM.Build.0 = Release|ARM
		{DD73E83F-30A8-445C-B867-3B9A68EA060C}.Ad-Hoc|ARM.Deploy.0 = Release|ARM
		{DD73E83F-30A8-445C-B867-3B9A68EA060C}.Ad-Hoc|iPhone.ActiveCfg = Release|Any CPU
		{DD73E83F-30A8-445C-B867-3B9A68EA060C}.Ad-Hoc|iPhone.Build.0 = Release|Any CPU
		{DD73E83F-30A8-445C-B867-3B9A68EA060C}.Ad-Hoc|iPhone.Deploy.0 = Release|Any CPU
		{DD73E83F-30A8-445C-B867-3B9A68EA060C}.Ad-Hoc|iPhoneSimulator.ActiveCfg = Release|Any CPU
		{DD73E83F-30A8-445C-B867-3B9A68EA060C}.Ad-Hoc|iPhoneSimulator.Build.0 = Release|Any CPU
		{DD73E83F-30A8-445C-B867-3B9A68EA060C}.Ad-Hoc|iPhoneSimulator.Deploy.0 = Release|Any CPU
		{DD73E83F-30A8-445C-B867-3B9A68EA060C}.Ad-Hoc|x64.ActiveCfg = Release|Any CPU
		{DD73E83F-30A8-445C-B867-3B9A68EA060C}.Ad-Hoc|x64.Build.0 = Release|Any CPU
		{DD73E83F-30A8-445C-B867-3B9A68EA060C}.Ad-Hoc|x64.Deploy.0 = Release|Any CPU
		{DD73E83F-30A8-445C-B867-3B9A68EA060C}.Ad-Hoc|x86.ActiveCfg = Release|x86
		{DD73E83F-30A8-445C-B867-3B9A68EA060C}.Ad-Hoc|x86.Build.0 = Release|x86
		{DD73E83F-30A8-445C-B867-3B9A68EA060C}.Ad-Hoc|x86.Deploy.0 = Release|x86
		{DD73E83F-30A8-445C-B867-3B9A68EA060C}.AppStore|Any CPU.ActiveCfg = Release|Any CPU
		{DD73E83F-30A8-445C-B867-3B9A68EA060C}.AppStore|Any CPU.Build.0 = Release|Any CPU
		{DD73E83F-30A8-445C-B867-3B9A68EA060C}.AppStore|Any CPU.Deploy.0 = Release|Any CPU
		{DD73E83F-30A8-445C-B867-3B9A68EA060C}.AppStore|ARM.ActiveCfg = Release|ARM
		{DD73E83F-30A8-445C-B867-3B9A68EA060C}.AppStore|ARM.Build.0 = Release|ARM
		{DD73E83F-30A8-445C-B867-3B9A68EA060C}.AppStore|ARM.Deploy.0 = Release|ARM
		{DD73E83F-30A8-445C-B867-3B9A68EA060C}.AppStore|iPhone.ActiveCfg = Release|Any CPU
		{DD73E83F-30A8-445C-B867-3B9A68EA060C}.AppStore|iPhone.Build.0 = Release|Any CPU
		{DD73E83F-30A8-445C-B867-3B9A68EA060C}.AppStore|iPhone.Deploy.0 = Release|Any CPU
		{DD73E83F-30A8-445C-B867-3B9A68EA060C}.AppStore|iPhoneSimulator.ActiveCfg = Release|Any CPU
		{DD73E83F-30A8-445C-B867-3B9A68EA060C}.AppStore|iPhoneSimulator.Build.0 = Release|Any CPU
		{DD73E83F-30A8-445C-B867-3B9A68EA060C}.AppStore|iPhoneSimulator.Deploy.0 = Release|Any CPU
		{DD73E83F-30A8-445C-B867-3B9A68EA060C}.AppStore|x64.ActiveCfg = Release|Any CPU
		{DD73E83F-30A8-445C-B867-3B9A68EA060C}.AppStore|x64.Build.0 = Release|Any CPU
		{DD73E83F-30A8-445C-B867-3B9A68EA060C}.AppStore|x64.Deploy.0 = Release|Any CPU
		{DD73E83F-30A8-445C-B867-3B9A68EA060C}.AppStore|x86.ActiveCfg = Release|x86
		{DD73E83F-30A8-445C-B867-3B9A68EA060C}.AppStore|x86.Build.0 = Release|x86
		{DD73E83F-30A8-445C-B867-3B9A68EA060C}.AppStore|x86.Deploy.0 = Release|x86
		{DD73E83F-30A8-445C-B867-3B9A68EA060C}.Debug|Any CPU.ActiveCfg = Debug|Any CPU
		{DD73E83F-30A8-445C-B867-3B9A68EA060C}.Debug|Any CPU.Build.0 = Debug|Any CPU
		{DD73E83F-30A8-445C-B867-3B9A68EA060C}.Debug|Any CPU.Deploy.0 = Debug|Any CPU
		{DD73E83F-30A8-445C-B867-3B9A68EA060C}.Debug|ARM.ActiveCfg = Debug|ARM
		{DD73E83F-30A8-445C-B867-3B9A68EA060C}.Debug|ARM.Build.0 = Debug|ARM
		{DD73E83F-30A8-445C-B867-3B9A68EA060C}.Debug|ARM.Deploy.0 = Debug|ARM
		{DD73E83F-30A8-445C-B867-3B9A68EA060C}.Debug|iPhone.ActiveCfg = Debug|Any CPU
		{DD73E83F-30A8-445C-B867-3B9A68EA060C}.Debug|iPhone.Build.0 = Debug|Any CPU
		{DD73E83F-30A8-445C-B867-3B9A68EA060C}.Debug|iPhone.Deploy.0 = Debug|Any CPU
		{DD73E83F-30A8-445C-B867-3B9A68EA060C}.Debug|iPhoneSimulator.ActiveCfg = Debug|Any CPU
		{DD73E83F-30A8-445C-B867-3B9A68EA060C}.Debug|iPhoneSimulator.Build.0 = Debug|Any CPU
		{DD73E83F-30A8-445C-B867-3B9A68EA060C}.Debug|iPhoneSimulator.Deploy.0 = Debug|Any CPU
		{DD73E83F-30A8-445C-B867-3B9A68EA060C}.Debug|x64.ActiveCfg = Debug|Any CPU
		{DD73E83F-30A8-445C-B867-3B9A68EA060C}.Debug|x64.Build.0 = Debug|Any CPU
		{DD73E83F-30A8-445C-B867-3B9A68EA060C}.Debug|x64.Deploy.0 = Debug|Any CPU
		{DD73E83F-30A8-445C-B867-3B9A68EA060C}.Debug|x86.ActiveCfg = Debug|x86
		{DD73E83F-30A8-445C-B867-3B9A68EA060C}.Debug|x86.Build.0 = Debug|x86
		{DD73E83F-30A8-445C-B867-3B9A68EA060C}.Debug|x86.Deploy.0 = Debug|x86
		{DD73E83F-30A8-445C-B867-3B9A68EA060C}.Release|Any CPU.ActiveCfg = Release|Any CPU
		{DD73E83F-30A8-445C-B867-3B9A68EA060C}.Release|Any CPU.Build.0 = Release|Any CPU
		{DD73E83F-30A8-445C-B867-3B9A68EA060C}.Release|Any CPU.Deploy.0 = Release|Any CPU
		{DD73E83F-30A8-445C-B867-3B9A68EA060C}.Release|ARM.ActiveCfg = Release|ARM
		{DD73E83F-30A8-445C-B867-3B9A68EA060C}.Release|ARM.Build.0 = Release|ARM
		{DD73E83F-30A8-445C-B867-3B9A68EA060C}.Release|ARM.Deploy.0 = Release|ARM
		{DD73E83F-30A8-445C-B867-3B9A68EA060C}.Release|iPhone.ActiveCfg = Release|Any CPU
		{DD73E83F-30A8-445C-B867-3B9A68EA060C}.Release|iPhone.Build.0 = Release|Any CPU
		{DD73E83F-30A8-445C-B867-3B9A68EA060C}.Release|iPhone.Deploy.0 = Release|Any CPU
		{DD73E83F-30A8-445C-B867-3B9A68EA060C}.Release|iPhoneSimulator.ActiveCfg = Release|Any CPU
		{DD73E83F-30A8-445C-B867-3B9A68EA060C}.Release|iPhoneSimulator.Build.0 = Release|Any CPU
		{DD73E83F-30A8-445C-B867-3B9A68EA060C}.Release|iPhoneSimulator.Deploy.0 = Release|Any CPU
		{DD73E83F-30A8-445C-B867-3B9A68EA060C}.Release|x64.ActiveCfg = Release|Any CPU
		{DD73E83F-30A8-445C-B867-3B9A68EA060C}.Release|x64.Build.0 = Release|Any CPU
		{DD73E83F-30A8-445C-B867-3B9A68EA060C}.Release|x64.Deploy.0 = Release|Any CPU
		{DD73E83F-30A8-445C-B867-3B9A68EA060C}.Release|x86.ActiveCfg = Release|x86
		{DD73E83F-30A8-445C-B867-3B9A68EA060C}.Release|x86.Build.0 = Release|x86
		{DD73E83F-30A8-445C-B867-3B9A68EA060C}.Release|x86.Deploy.0 = Release|x86
	EndGlobalSection
	GlobalSection(SolutionProperties) = preSolution
		HideSolutionNode = FALSE
	EndGlobalSection
	GlobalSection(NestedProjects) = preSolution
		{1A4456C3-C496-4211-B5DC-D6BC89225128} = {F7E71753-CEBB-4244-9572-258B7F709D79}
		{40E3233A-03F1-4425-99F9-7B2F1976238F} = {F7E71753-CEBB-4244-9572-258B7F709D79}
		{745C4846-C426-4DF4-9475-3DD6C2382413} = {1A4456C3-C496-4211-B5DC-D6BC89225128}
		{4A9AC26C-46A0-4848-8B86-7EAD500CDBBF} = {40E3233A-03F1-4425-99F9-7B2F1976238F}
		{1818B65D-9FA2-491C-8291-61F71FD3F4F2} = {4DF3545B-347D-414B-99D9-25855ABB6043}
		{8CBD876D-0777-472D-ADF6-09FB7794A2AA} = {4DF3545B-347D-414B-99D9-25855ABB6043}
		{FDA7BA17-2241-4ED2-9F50-6838B3FB9731} = {4DF3545B-347D-414B-99D9-25855ABB6043}
		{AC9D178D-FD42-4B55-B580-B83E36B00D14} = {4DF3545B-347D-414B-99D9-25855ABB6043}
		{99881835-21B9-4D4F-BE00-6769A94A0442} = {4DF3545B-347D-414B-99D9-25855ABB6043}
		{42C45062-9E22-4AEB-AE5C-A0A59DF80483} = {4DF3545B-347D-414B-99D9-25855ABB6043}
		{DD73E83F-30A8-445C-B867-3B9A68EA060C} = {4DF3545B-347D-414B-99D9-25855ABB6043}
		{032C62CF-4337-41E8-8913-75404704832A} = {4DF3545B-347D-414B-99D9-25855ABB6043}
	EndGlobalSection
EndGlobal
